{
  "name": "tetris-game",
  "version": "0.0.0",
  "lockfileVersion": 1,
  "requires": true,
  "dependencies": {
    "classic-tetris-js": {
      "version": "1.0.2",
      "resolved": "https://registry.npmjs.org/classic-tetris-js/-/classic-tetris-js-1.0.2.tgz",
      "integrity": "sha512-BEU4Q7md9JebSI2/2cpVStk8v9DCqNQOlSk4V2k7717bl8j0h76bPcvo4zkRRWbOLjbKZ61d9h2K0Vrmzuk+UQ=="
    }
  }
}
